
Microsoft Visual Studio Solution File, Format Version 12.00
# Visual Studio Version 17
VisualStudioVersion = 17.14.36511.14
MinimumVisualStudioVersion = 10.0.40219.1
Project("{FAE04EC0-301F-11D3-BF4B-00C04F79EFBC}") = "Aiden_GameLoop_GameProgramming1", "Aiden_GameLoop_GameProgramming1\Aiden_GameLoop_GameProgramming1.csproj", "{1F2EB64C-4DAC-4CBA-B009-AFDD82A0E489}"
EndProject
Global
	GlobalSection(SolutionConfigurationPlatforms) = preSolution
		Debug|Any CPU = Debug|Any CPU
		Release|Any CPU = Release|Any CPU
	EndGlobalSection
	GlobalSection(ProjectConfigurationPlatforms) = postSolution
		{1F2EB64C-4DAC-4CBA-B009-AFDD82A0E489}.Debug|Any CPU.ActiveCfg = Debug|Any CPU
		{1F2EB64C-4DAC-4CBA-B009-AFDD82A0E489}.Debug|Any CPU.Build.0 = Debug|Any CPU
		{1F2EB64C-4DAC-4CBA-B009-AFDD82A0E489}.Release|Any CPU.ActiveCfg = Release|Any CPU
		{1F2EB64C-4DAC-4CBA-B009-AFDD82A0E489}.Release|Any CPU.Build.0 = Release|Any CPU
	EndGlobalSection
	GlobalSection(SolutionProperties) = preSolution
		HideSolutionNode = FALSE
	EndGlobalSection
	GlobalSection(ExtensibilityGlobals) = postSolution
		SolutionGuid = {955A1288-83D3-4016-9EFF-DFD1927DC7D5}
	EndGlobalSection
EndGlobal
